{
  "requires": true,
  "lockfileVersion": 1,
  "dependencies": {
    "ui-bootstrap4": {
      "version": "3.0.4",
      "resolved": "https://registry.npmjs.org/ui-bootstrap4/-/ui-bootstrap4-3.0.4.tgz",
      "integrity": "sha512-F2j2kny2ozHGy4McZr6F+9zZWTQhMTwphmSXfBfdRPp5MVgwSQQGmiG5b6pb+b7gsj5fBwSqYEtVKJD0LFgxoQ=="
    }
  }
}
